{
  "requires": true,
  "lockfileVersion": 1,
  "dependencies": {
    "use-force-update": {
      "version": "1.0.7",
      "resolved": "https://registry.npmjs.org/use-force-update/-/use-force-update-1.0.7.tgz",
      "integrity": "sha512-k5dppYhO+I5X/cd7ildbrzeMZJkWwdAh5adaIk0qKN2euh7J0h2GBGBcB4QZ385eyHHnp7LIygvebdRx3XKdwA=="
    },
    "use-react-router": {
      "version": "1.0.7",
      "resolved": "https://registry.npmjs.org/use-react-router/-/use-react-router-1.0.7.tgz",
      "integrity": "sha512-gdqIHEO28E+qDJQ+tOMGQPthPib7mhLI/4MY7wtxJuaVUkosbP+FAYcHmmE7/FjYoMsuzL/bvY/25st7QHodpw==",
      "requires": {
        "use-force-update": "^1.0.5"
      }
    }
  }
}
